
Microsoft Visual Studio Solution File, Format Version 12.00
# Visual Studio Version 16
VisualStudioVersion = 16.0.29503.13
MinimumVisualStudioVersion = 15.0.26124.0
Project("{9A19103F-16F7-4668-BE54-9A1E7A4F7556}") = "KeyCloak.Mvc", "KeyCloak.Mvc\KeyCloak.Mvc.csproj", "{D4E35DA8-3BDA-4BF1-986F-331282C280D6}"
EndProject
Project("{FAE04EC0-301F-11D3-BF4B-00C04F79EFBC}") = "KeyCloak.JsConsole", "KeyCloak.JsConsole\KeyCloak.JsConsole.csproj", "{8C07A56F-D4AA-4565-906C-B3F95FC4A7EE}"
EndProject
Global
	GlobalSection(SolutionConfigurationPlatforms) = preSolution
		Debug|Any CPU = Debug|Any CPU
		Debug|x64 = Debug|x64
		Debug|x86 = Debug|x86
		Release|Any CPU = Release|Any CPU
		Release|x64 = Release|x64
		Release|x86 = Release|x86
	EndGlobalSection
	GlobalSection(ProjectConfigurationPlatforms) = postSolution
		{D4E35DA8-3BDA-4BF1-986F-331282C280D6}.Debug|Any CPU.ActiveCfg = Debug|Any CPU
		{D4E35DA8-3BDA-4BF1-986F-331282C280D6}.Debug|Any CPU.Build.0 = Debug|Any CPU
		{D4E35DA8-3BDA-4BF1-986F-331282C280D6}.Debug|x64.ActiveCfg = Debug|Any CPU
		{D4E35DA8-3BDA-4BF1-986F-331282C280D6}.Debug|x64.Build.0 = Debug|Any CPU
		{D4E35DA8-3BDA-4BF1-986F-331282C280D6}.Debug|x86.ActiveCfg = Debug|Any CPU
		{D4E35DA8-3BDA-4BF1-986F-331282C280D6}.Debug|x86.Build.0 = Debug|Any CPU
		{D4E35DA8-3BDA-4BF1-986F-331282C280D6}.Release|Any CPU.ActiveCfg = Release|Any CPU
		{D4E35DA8-3BDA-4BF1-986F-331282C280D6}.Release|Any CPU.Build.0 = Release|Any CPU
		{D4E35DA8-3BDA-4BF1-986F-331282C280D6}.Release|x64.ActiveCfg = Release|Any CPU
		{D4E35DA8-3BDA-4BF1-986F-331282C280D6}.Release|x64.Build.0 = Release|Any CPU
		{D4E35DA8-3BDA-4BF1-986F-331282C280D6}.Release|x86.ActiveCfg = Release|Any CPU
		{D4E35DA8-3BDA-4BF1-986F-331282C280D6}.Release|x86.Build.0 = Release|Any CPU
		{8C07A56F-D4AA-4565-906C-B3F95FC4A7EE}.Debug|Any CPU.ActiveCfg = Debug|Any CPU
		{8C07A56F-D4AA-4565-906C-B3F95FC4A7EE}.Debug|Any CPU.Build.0 = Debug|Any CPU
		{8C07A56F-D4AA-4565-906C-B3F95FC4A7EE}.Debug|x64.ActiveCfg = Debug|Any CPU
		{8C07A56F-D4AA-4565-906C-B3F95FC4A7EE}.Debug|x64.Build.0 = Debug|Any CPU
		{8C07A56F-D4AA-4565-906C-B3F95FC4A7EE}.Debug|x86.ActiveCfg = Debug|Any CPU
		{8C07A56F-D4AA-4565-906C-B3F95FC4A7EE}.Debug|x86.Build.0 = Debug|Any CPU
		{8C07A56F-D4AA-4565-906C-B3F95FC4A7EE}.Release|Any CPU.ActiveCfg = Release|Any CPU
		{8C07A56F-D4AA-4565-906C-B3F95FC4A7EE}.Release|Any CPU.Build.0 = Release|Any CPU
		{8C07A56F-D4AA-4565-906C-B3F95FC4A7EE}.Release|x64.ActiveCfg = Release|Any CPU
		{8C07A56F-D4AA-4565-906C-B3F95FC4A7EE}.Release|x64.Build.0 = Release|Any CPU
		{8C07A56F-D4AA-4565-906C-B3F95FC4A7EE}.Release|x86.ActiveCfg = Release|Any CPU
		{8C07A56F-D4AA-4565-906C-B3F95FC4A7EE}.Release|x86.Build.0 = Release|Any CPU
	EndGlobalSection
	GlobalSection(SolutionProperties) = preSolution
		HideSolutionNode = FALSE
	EndGlobalSection
	GlobalSection(ExtensibilityGlobals) = postSolution
		SolutionGuid = {BBABA6A4-FB0F-4AD7-9063-CD2A325AE1FF}
	EndGlobalSection
EndGlobal
